
Microsoft Visual Studio Solution File, Format Version 12.00
# Visual Studio 15
VisualStudioVersion = 15.0.27703.2042
MinimumVisualStudioVersion = 10.0.40219.1
Project("{2150E333-8FDC-42A3-9474-1A3956D46DE8}") = "src", "src", "{C91C7F83-65B1-4689-92C7-675B225D4FF4}"
EndProject
Project("{9A19103F-16F7-4668-BE54-9A1E7A4F7556}") = "SevenZipFluent", "src\SevenZipFluent\SevenZipFluent.csproj", "{B7A4F50A-F368-4DA3-B044-366FF72A0BC8}"
EndProject
Project("{2150E333-8FDC-42A3-9474-1A3956D46DE8}") = "Solution Items", "Solution Items", "{1A153E98-686B-4BDD-9F0E-3E6D73DFD69F}"
	ProjectSection(SolutionItems) = preProject
		.gitignore = .gitignore
		deploy-src.cmd = deploy-src.cmd
		LICENSE = LICENSE
		README.md = README.md
	EndProjectSection
EndProject
Project("{2150E333-8FDC-42A3-9474-1A3956D46DE8}") = "test", "test", "{42AFF861-6169-422A-9601-0B4B7747E9A3}"
EndProject
Project("{FAE04EC0-301F-11D3-BF4B-00C04F79EFBC}") = "SevenZipFluent.Test", "test\7-Zip-Fluent.Test\SevenZipFluent.Test.csproj", "{724A2FC9-D238-47C4-89A2-AE79CFFACE56}"
EndProject
Global
	GlobalSection(SolutionConfigurationPlatforms) = preSolution
		Debug|Any CPU = Debug|Any CPU
		Release|Any CPU = Release|Any CPU
	EndGlobalSection
	GlobalSection(ProjectConfigurationPlatforms) = postSolution
		{B7A4F50A-F368-4DA3-B044-366FF72A0BC8}.Debug|Any CPU.ActiveCfg = Debug|Any CPU
		{B7A4F50A-F368-4DA3-B044-366FF72A0BC8}.Debug|Any CPU.Build.0 = Debug|Any CPU
		{B7A4F50A-F368-4DA3-B044-366FF72A0BC8}.Release|Any CPU.ActiveCfg = Release|Any CPU
		{B7A4F50A-F368-4DA3-B044-366FF72A0BC8}.Release|Any CPU.Build.0 = Release|Any CPU
		{724A2FC9-D238-47C4-89A2-AE79CFFACE56}.Debug|Any CPU.ActiveCfg = Debug|Any CPU
		{724A2FC9-D238-47C4-89A2-AE79CFFACE56}.Debug|Any CPU.Build.0 = Debug|Any CPU
		{724A2FC9-D238-47C4-89A2-AE79CFFACE56}.Release|Any CPU.ActiveCfg = Release|Any CPU
		{724A2FC9-D238-47C4-89A2-AE79CFFACE56}.Release|Any CPU.Build.0 = Release|Any CPU
	EndGlobalSection
	GlobalSection(SolutionProperties) = preSolution
		HideSolutionNode = FALSE
	EndGlobalSection
	GlobalSection(NestedProjects) = preSolution
		{B7A4F50A-F368-4DA3-B044-366FF72A0BC8} = {C91C7F83-65B1-4689-92C7-675B225D4FF4}
		{724A2FC9-D238-47C4-89A2-AE79CFFACE56} = {42AFF861-6169-422A-9601-0B4B7747E9A3}
	EndGlobalSection
	GlobalSection(ExtensibilityGlobals) = postSolution
		SolutionGuid = {906FC5F4-02C3-463F-8FFF-C272433AC2C4}
	EndGlobalSection
EndGlobal
